1998code/SwiftNEWKit
Cay-Zhang/RSSBud
rt-bishop/Look4Sat
arianneorpilla/jidoujisho
lizongying/my-tv
ImaginativeShohag/Why-Not-Compose
pppscn/SmsForwarder
dkhamsing/open-source-ios-apps
thomaskioko/tv-maniac
alexpusch/rust-magic-patterns
Rust-GPU/rust-gpu
Rust-GPU/Rust-CUDA
modelcontextprotocol/rust-sdk
kornelski/deunicode
mre/idiomatic-rust
alexliesenfeld/httpmock
nexus-xyz/nexus-zkvm
bash/terminal-colorsaurus
ClementNerma/LRVM
tokio-rs/toasty
juhaku/utoipa
google/zerocopy
mainmatter/100-exercises-to-learn-rust
bheisler/criterion.rs
brndnmtthws/cracking-the-coding-interview-rust
linux-china/json-schema-dsl
BurntSushi/jiff
eyre-rs/eyre
jjeffcaii/capybara
model-checking/kani
google/argh
google/argh
zhiburt/tabled
ntex-rs/ntex
greyblake/nutype
quickwit-oss/tantivy
upsuper/rust-cheatsheet
amber-lang/amber
JelteF/derive_more
kornia/kornia-rs
zesterer/chumsky
bgpkit/oneio
Kobzol/cargo-wizard
s-arash/ascent
jamesmunns/awesome-rust-streaming
Speykious/cve-rs
rustsec/rustsec
Brendonovich/swift-rs
rhaiscript/rhai
ChristianSchott/boris
tower-rs/tower-http
mcorbin/meuse
asomers/mockall
64bit/async-openai
rust-windowing/winit
Ralith/hecs
seanmonstar/reqwest
rust-secure-code/cargo-auditable
rust-lang/rust
rsocket/rsocket-rust
actix/actix
google/googletest-rust
m1guelpf/tinyvector
andreabergia/rjvm
Nugine/bfjit
rust-lang/regex
clap-rs/clap
sunface/rust-by-practice
LukeMathWalker/zero-to-production
rust-lang/rustlings
docling-project/docling
microsoft/qlib
docling-project/docling
AmineDiro/ferrules
deeplearning4j/deeplearning4j
microsoft/markitdown
tencentmusic/cube-studio
datawhalechina/self-llm
AccumulateMore/CV
srbhr/Resume-Matcher
chroma-core/chroma
modin-project/modin
huggingface/candle
srush/GPU-Puzzles
Eventual-Inc/Daft
gradio-app/gradio
opendatalab/MinerU
Unstructured-IO/unstructured
jla524/fromthetensor
huggingface/text-embeddings-inference
facebookresearch/faiss
openai/grok
babysor/MockingBird
PaddlePaddle/PaddleOCR
Roujack/mathAI
dbrattli/Expression
weaviate/weaviate
zilliztech/GPTCache
Embedding/Chinese-Word-Vectors
hitsz-ids/synthetic-data-generator
UFund-Me/Qbot
robertknight/ocrs
Frrrrrrrrank/auto_job__find__chatgpt__rpa
openai/tiktoken
junhoyeo/BetterOCR
ml-explore/mlx
Text-to-Audio/Make-An-Audio
RasaHQ/rasa
khangich/machine-learning-interview
facebook/prophet
lewangdev/faster-whisper-youtube
labmlai/annotated_deep_learning_paper_implementations
cicirello/Chips-n-Salsa
Loyalsoldier/clash-rules
angrave/SystemProgramming
rangaeeeee/books-raspberrypimagazines
asweigart/pyautogui
python-poetry/poetry
witnessmenow/ESP32-Cheap-Yellow-Display
unjs/unstorage
bmadcode/cursor-custom-agents-rules-generator
OpenSPG/openspg
Project-HAMi/HAMi
tair-opensource/RedisShake
hyperoslo/Cache
astral-sh/uv
subframe7536/maple-font
FFmpeg/FFmpeg
aeron-io/aeron
ashvardanian/StringZilla
microsoft/typescript-go
date-fns/date-fns
DaoCloud/public-image-mirror
XIU2/CloudflareSpeedTest
jiawesoft/jiascheduler
google/flatbuffers
semgrep/semgrep
localstack/localstack
khoj-ai/khoj
terrastruct/d2
codesnap-rs/codesnap
usual2970/certimate
osquery/osquery
pmkol/easymosdns
GoogleContainerTools/distroless
SagerNet/sing-box
HCLonely/awesome-bilibili-extra
BigBrotherTrade/trader
blackmatrix7/ios_rule_script
AUK9527/Are-u-ok
Daiyimo/GL.inet-MT3000-installation-plug-in
igumnoff/shiva
johthor/DomainStory-PlantUML
watchexec/cargo-watch
Watfaq/clash-rs
tauri-apps/tao
paulmillr/encrypted-dns
tamasfe/taplo
VirgilClyne/iRingo
Seekladoom/Aegisub-Karaoke-Effect-481-Templates
rerun-io/rerun
Seekladoom/Seekladoom-ASS-Effect
maelstrom-software/maelstrom
ssine/pptx2md
ExistentialAudio/BlackHole
HerbertHe/iptv-sources
rustcoreutils/posixutils-rs
harry0703/AudioNotes
lldap/lldap
geofmureithi/apalis
kwsc98/fusen-rs
bendudson/EuraliOS
Leizhenpeng/platecode
astral-sh/rye
bendudson/EuraliOS
exceljs/exceljs
apple/pkl
dmscode/Obsidian-Templates
AmrDeveloper/GQL
AdguardTeam/AdguardFilters
freenet/freenet-core
FairwindsOps/goldilocks
kubernetes/autoscaler
luizfonseca/proksi
k8gb-io/k8gb
KOP-XIAO/QuantumultX
creusot-rs/creusot
NARKOZ/hacker-scripts
apidoc/apidoc
dyweb/Deedy-Resume-for-Chinese
jj-vcs/jj
varunsridharan/github-gitea-mirror
microsoft/MS-DOS
tweedegolf/sequential-storage
apache/fury
servo/font-kit
elastic/elasticsearch-dsl-py
rust-embedded/rust-raspberrypi-OS-tutorials
Y2Z/monolith
AutoMQ/automq
seL4/seL4
pypa/pipx
toptal/gitignore
yukihirop/ultraman
mit-pdos/xv6-riscv
NaruseMioShirakana/DragonianVoice
dataease/dataease
wwb521/live
embassy-rs/embassy
oracle/opengrok
cloudflare/pingora
kostya/benchmarks
apache/tika-docker
candy-lang/candy
zhiyi7/gfw-pac
hickory-dns/hickory-dns
BurningC4/Chinese-IPTV
vosen/ZLUDA
nanomsg/nng
tesseract-ocr/tessdata
wordshub/free-font
hoochanlon/scripts
ziglang/zig
release-it/release-it
acmesh-official/acme.sh
Morganamilo/paru
XIU2/TrackersListCollection
extism/extism
11273/mooc-work-answer
kjfx/AX6000
redis/redis
joernio/joern
liuzhao1225/YouDub
cloudflare/quiche
imagej/imagej2
tesseract-ocr/tesseract
gaotianliuyun/gao
oldratlee/useful-scripts
Moexin/IPTV
StarRocks/starrocks
babylife/China-ShangHai-IPTV-list
panamax-rs/panamax
abi/screenshot-to-code
briansmith/ring
juspay/hyperswitch
rofl0r/proxychains-ng
jmcnamara/rust_xlsxwriter
VonHeikemen/lsp-zero.nvim
PRQL/prql
parseablehq/parseable
cross-rs/cross
Hackl0us/GeoIP2-CN
sqlmapproject/sqlmap
Kavex/GameDev-Resources
iptv-org/iptv
OpenInterpreter/open-interpreter
openobserve/openobserve
harlanc/xiu
sozu-proxy/sozu
gitattributes/gitattributes
baidu/openrasp
Alvin9999/new-pac
GitoxideLabs/gitoxide
proyecto26/awesome-unity
alibaba/Appactive
reportmill/SnapKit
ratatui/ratatui
apache/streampark
nayuki/QR-Code-generator
m1guelpf/auto-subtitle
llvm/llvm-project
apache/eventmesh
apache/tika
laggardkernel/iterm2-zmodem
mikaelmello/inquire
stefanprodan/dockprom
LingLanguage/LingLang
dapr/dapr
vectordotdev/vector
powerline/fonts
expressvpn/lightway-core
chrislgarry/Apollo-11
alibaba/nacos
victools/jsonschema-generator
checkstyle/checkstyle
verhas/License3j
jabrena/cursor-rules-java
stick-i/spel-validator
eclipse-ee4j/glassfish
maeddes/java-and-container
tginsberg/gatherers4j
TheAlgorithms/Java
ollama4j/ollama4j
skyscreamer/JSONassert
hylexus/jt-framework
spring-projects/spring-boot
spring-projects/spring-framework
soot-oss/soot
osiegmar/FastCSV
javaparser/javaparser
arun0009/idempotent
aws/event-ruler
intoolswetrust/ldap-server
alibaba/spring-ai-alibaba
sermant-io/Sermant
jhalterman/typetools
babyfish-ct/jimmer
JumpMind/symmetric-ds
frohoff/ysoserial
mukel/llama3.java
NanoNative/nano
linyimin0812/spring-startup-analyzer
jtablesaw/tablesaw
vmzakharov/dataframe-ec
Ocean-Moist/DSA
linux-china/mailpit-spring-boot-demo
enofex/taikai
haraldk/TwelveMonkeys
danfickle/openhtmltopdf
Hakky54/mutual-tls-ssl
jbretsch/openapi-route-definition-locator
f4b6a3/tsid-creator
TimefoldAI/timefold-solver
javalite/javalite
google/guava
PicnicSupermarket/error-prone-support
mapstruct/mapstruct
javapackager/JavaPackager
infinilabs/analysis-ik
soot-oss/soot
akka/akka
gruelbox/transaction-outbox
cloudfoundry/uaa
AugustNagro/utf8.java
rkalla/imgscalr
dflib/dflib
spember/spring-bikeshed
reactive-rsocket-broker/rsocket-load-balance
alibaba/COLA
reactive-rsocket-broker/ali-rsocket-graal-demo
reactive-rsocket-broker/alibaba-rsocket-boot3-demo
alibaba/arthas
reactive-rsocket-broker/rsocket-broker
airlift/aircompressor
instancio/instancio
ThomasVitale/llm-apps-java-spring-ai
anand1st/sshd-shell-spring-boot
houbb/sensitive-word
asciidoctor/asciidoclet
linux-china/sieve-cache
spring-projects-experimental/spring-boot-migrator
Netflix/spectator
CharlieJiang/SourceCodeDocxGenerator
bbottema/simple-java-mail
OlegDokuka/reactive-programming-course-preview
gestalt-config/gestalt
mploed/ddd-with-spring
jobrunr/jobrunr
bytedeco/javacpp-presets
dsyer/java-template-demo
linux-china/nats-spring-boot-starter
linux-china/panama-rust-demo
JSQLParser/JSqlParser
vladmihalcea/hypersistence-tsid
langchain4j/langchain4j
srikanth-lingala/zip4j
MariaDB4j/MariaDB4j
awaitility/awaitility
softwaremill/jox
Randgalt/record-builder
GradleUp/gratatouille
hkh1012/langboot
pinterest/psc
square/okhttp
dylibso/chicory
skinny85/jilt
javaconferences/javaconferences.github.io
gunnarmorling/1brc
eclipse-store/store
flowable/flowable-engine
microstream-one/microstream
json-path/JsonPath
cescoffier/reactive-systems-in-java
aalmiray/java-champions
oracle/graalvm-reachability-metadata
sonatype/nexus-public
chatchatabc/ddd-structure-demo
didi/turbo
spring-projects/spring-restdocs
TooTallNate/Java-WebSocket
TheoKanning/openai-java
eugene-khyst/postgresql-event-sourcing
google/error-prone
schananas/practical-reactor
TongchengOpenSource/smart-doc-maven-plugin
eclipse-serializer/serializer
GoogleContainerTools/jib
javadev/underscore-java
alibaba/TProfiler
zalando/logbook
zalando/faux-pas
jOOQ/jOOL
Link-Kou/intellij-mybaitslog
mirkosertic/Bytecoder
javers/javers
palatable/lambda
geekxh/hello-algorithm
primefaces/primefaces
languagetool-org/languagetool
vavr-io/vavr
beehive-lab/TornadoVM
anton-liauchuk/educational-platform
jonatan-kazmierczak/class-visualizer
Azure/azure-sdk-for-java
functionaljava/functionaljava
konsoletyper/teavm
akullpp/awesome-java
whitesock/open-replicator
troyzhxu/bean-searcher
opensolon/solon
springwolf/springwolf-core
making/yavi
jOOQ/jOOQ
jabrena/spring-boot-user-beans
marchof/javabubble
i-net-software/JWebAssembly
jqwik-team/jqwik
line/armeria
alibaba/bytekit
linux-china/chatgpt-spring-boot-starter
freefair/gradle-plugins
jkazama/ddd-java
siom79/japicmp
lukas-krecan/ShedLock
foldright/cffu
shining-stars-l/transaction-thread
gitlab4j/gitlab4j-api
kagkarlsson/db-scheduler
christophknabe/spring-ddd-bank
orika-mapper/orika
chinabugotech/hutool
ptrd/kwik
easymock/objenesis
kubernetes-client/java
janino-compiler/janino
sksamuel/scrimage
deepjavalibrary/djl
belaban/JGroups
quarkusio/quarkus
dropwizard/metrics
livk-cloud/spring-boot-extension
questdb/rust-maven-plugin
r2dbc/r2dbc-proxy
patrickfav/bytes-java
PhantomThief/simple-failover-java
synchronoss/nio-multipart
coobird/thumbnailator
maciejwalkowiak/java-cli-project-template
ctongfei/progressbar
PacktPublishing/Designing-Hexagonal-Architecture-with-Java
Verlif/mockdata
RoaringBitmap/RoaringBitmap
TongchengOpenSource/smart-doc
reactor/reactor-pool
fleipold/jproc
reactor/reactor-addons
manifold-systems/manifold
reactor/reactor
reactor/reactor-netty
dromara/liteflow
kdn251/interviews
spring-io/initializr
infobip/infobip-spring-data-querydsl
Kotlin/dataframe
davery22/vinyl
alibaba/compileflow
amaembo/streamex
alibaba/SmartEngine
linux-china/easy-random-junit5-extension
starxg/mybatis-log-plugin-free
micrometer-metrics/context-propagation
netty/netty-incubator-codec-quic
reactor/reactor-core
aragozin/jvm-tools
netty/netty-incubator-transport-io_uring
violetagg/reactor-netty-workshop
datafaker-net/datafaker
netty/netty
making/timeflake4j
kazuki43zoo/mybatis-spring-native
gmethvin/directory-watcher
npgall/concurrent-trees
jbangdev/jbang
mybatis/mybatis-dynamic-sql
alibaba/one-java-agent
jetlinks/reactor-ql
opengoofy/hippo4j
alibaba/table-computing
itswuanran/enode
reactive-rsocket-broker/rsocket-graphql-gateway
linux-china/rsocket-load-balancing
alibaba/alibaba-rsocket-broker
moonaries90/mybatis-r2dbc-starter
square/okio
RabiAPI/Evalon4J
eirslett/frontend-maven-plugin
linux-china/mybatis-r2dbc
signalapp/Signal-Server
linux-china/open2internet-spring-boot-starter
browserbase/stagehand
Sunny-117/js-challenges
zhangchenchen/query_gpt
nitrojs/nitro
juliangarnier/anime
javalin/javalin
handsontable/handsontable
Privoce/GenUI
htmldocs-js/htmldocs
pubkey/rxdb
rag-web-ui/rag-web-ui
ollama4j/ollama4j-web-ui
vitejs/vite
Nutlope/logocreator
bigskysoftware/htmx
rhashimoto/wa-sqlite
salvo-rs/salvo
nextauthjs/next-auth
hellodigua/code996
piotrkulpinski/openalternative
shadcn-ui/ui
ccbikai/Sink
StractOrg/stract
kyechan99/capsule-render
arnog/mathlive
exceljs/exceljs
apify/crawlee
SheetJS/sheetjs
Ceelog/DictionaryByGPT4
StractOrg/stract
ccbikai/Sink
Ceelog/DictionaryByGPT4
mesop-dev/mesop
raycast/ray-so
cmliu/CF-Workers-docker.io
WeDontPanic/Jotoba
meetDeveloper/freeDictionaryAPI
react-hook-form/react-hook-form
chaitin/SafeLine
rwf2/Rocket
houyushan/telegram-groups-search
NorthwoodsSoftware/GoJS
jupyterlite/jupyterlite
Semantic-Org/Semantic-UI
alexta69/metube
cuixueshe/earthworm
the-via/app
endoflife-date/endoflife.date
TechEmpower/FrameworkBenchmarks
jsr-io/jsr
actix/actix-web
m3u8playlist/dp
supabase/supabase
Avaiga/taipy
nhn/tui.calendar
leptos-rs/leptos
Fechin/reference
visjs/vis-timeline
loco-rs/loco
netflix-hezu/netflix-hezu.github.io
raidendotai/openv0
web-infra-dev/rspress
openfarmcc/OpenFarm
wangrongding/github-old-feed
recharts/recharts
janeczku/calibre-web
ronggang/transmission-web-control
lewish/asciiflow
rsocket/rsocket-js
Orillusion/orillusion
casesandberg/react-color
fabian-hiller/valibot
fabricjs/fabric.js
chakra-ui/chakra-ui
xugaoyi/vuepress-theme-vdoing
fanmingming/live
the1812/Bilibili-Evolved
v2board/v2board
weekend-project-space/top-rss-list
tokio-rs/axum
anuraghazra/github-readme-stats
waylaidwanderer/PandoraAI
ZenPrivacy/zen-desktop
OneUptime/oneuptime
mhmtipek/sudoku-term
ThinkInAIXYZ/deepchat
kopia/kopia
dyrector-io/dyrectorio
lima-vm/lima
maycoon-ui/maycoon
apache/nifi
oiwn/tarts
exelban/stats
typst/typst
metabase/metabase
openai/codex
ravitemer/mcphub.nvim
sjzar/chatlog
e2b-dev/desktop
rochacbruno/marmite
n8n-io/n8n
freeok/so-novel
MarkusPfundstein/mcp-obsidian
mstange/samply
vernesong/OpenClash
FelixKratz/SketchyBar
jason5ng32/MyIP
loopwork-ai/iMCP
StrayMeteor3337/WechatRealFriends
girlbossceo/conduwuit
yt-dlp/yt-dlp
glanceapp/glance
xpipe-io/xpipe
nanobrowser/nanobrowser
makeplane/plane
giacomo-b/rust-stakeholder
kean/Pulse
johnbean393/Sidekick
kovidgoyal/kitty
rustdesk/rustdesk
XIU2/Yuedu
utmapp/UTM
clash-verge-rev/clash-verge-rev
PragmaticMachineLearning/probly
okooo5km/HiPixel
jxxghp/MoviePilot
supreme-gg-gg/instagram-cli
rajnandan1/kener
zhimaAi/chatwiki
cordx56/rustowl
CherryHQ/cherry-studio
nicejade/wealth-tracker
AleksK1NG/Kotlin-Clean-Architecture-CQRS
YaoFANGUK/video-subtitle-extractor
jaaronkot/picprose
jiawesoft/jiascheduler
atomiechen/THU-PPT-Theme
solidSpoon/DashPlayer
echasnovski/mini.nvim
baturyilmaz/wordpecker-app
neurocyte/flow
ozgrozer/ai-renamer
Jaennaet/pISSStream
ghostty-org/ghostty
the1812/Malware-Patch
mistweaverco/bananas
theseus-rs/rsql
vespa-engine/vespa
Byaidu/PDFMathTranslate
orhun/rustypaste
wagoodman/dive
orhun/rustypaste-cli
slimtoolkit/slim
CelestiaProject/Celestia
phiresky/ripgrep-all
cococonscious/koji
theiskaa/markdown2pdf
alexpasmantier/television
2dust/v2rayN
hcengineering/huly-selfhost
hcengineering/platform
thedathoudarya/WAGU-data-in-table-view
Canop/bacon
ntegrals/aura-voice
Zeyi-Lin/HivisionIDPhotos
Lakr233/BBackupp
jasonjmcghee/rem
Huanshere/VideoLingo
mediar-ai/screenpipe
jbake-org/jbake
emilk/egui
unixzii/ibackupextractor
Netskao/MacOS-Utils
Graylog2/graylog2-server
oxdc/obsidian-vertical-tabs
imfile-io/imfile-desktop
milanvarady/Applite
lobehub/lobe-cli-toolbox
overtake/TelegramSwift
GUI-for-Cores/GUI.for.Clash
jbilcke-hf/clapper
juewuy/ShellCrash
atanunq/viu
OpenShot/openshot-qt
RSSNext/Folo
EcoPasteHub/EcoPaste
helix-editor/helix
menloresearch/jan
Nutlope/llamatutor
maurodesouza/profile-readme-generator
chenfan0/fideo-live-record
kestra-io/kestra
alienator88/Pearcleaner
kefranabg/readme-md-generator
astral-sh/rye
DevToys-app/DevToys
gyroflow/gyroflow
kiddin9/Kwrt
mdSilo/mdSilo-app
AstroNvim/AstroNvim
laigeoffer/pmhub
stalwartlabs/mail-server
dustinblackman/oatmeal
Admyral-Technologies/admyral
tryanything-ai/anything
Julien-cpsn/ATAC
paulmillr/encrypted-dns
hcengineering/platform
Apicurio/apicurio-registry
live-codes/livecodes
docmost/docmost
pipeless-ai/pipeless
dominiclet/obsidian-note-definitions
your-papa/obsidian-Smart2Brain
niedev/RTranslator
ente-io/ente
icret/EasyImages2.0
AppFlowy-IO/AppFlowy
immich-app/immich
photoprism/photoprism
Baiyuetribe/paper2gui
XPoet/picx
ayushpai/AI-Math-Notes
dromara/domain-admin
mfontanini/presenterm
LC044/WeChatMsg
yossTheDev/removerized
1Panel-dev/1Panel
halo-dev/halo
metersphere/metersphere
microsoft/PowerToys
rlane/oort3
atuinsh/atuin
maybe-finance/maybe
waydabber/BetterDisplay
yashs662/rust_kanban
dicoder-cn/VitePressSimple
lihaoyun6/QuickRecorder
tangshimin/MuJing
ollama/ollama
Textualize/textual
Uahh/ToastFish
XAMPPRocky/tokei
stijnherfst/HiveWE
drawdb-io/drawdb
houxinlin/cool-request
royreznik/rexi
nvbn/thefuck
XuehaiPan/nvitop
marc2332/freya
Textualize/toolong
compiler-explorer/compiler-explorer
scalar/scalar
YaoFANGUK/video-subtitle-remover
aome510/hackernews-TUI
openspug/spug
LucasPickering/slumber
Chleba/netscanner
gitui-org/gitui
Lissy93/web-check
ihmily/DouyinLiveRecorder
casey/just
mira-screen-share/sharer
gitbutlerapp/gitbutler
markusmoenig/Eldiron
sallar/github-contributions-chart
zino-rs/zino
slidevjs/slidev
usememos/memos
awslabs/mountpoint-s3
beekeeper-studio/beekeeper-studio
iperov/DeepFaceLive
donn/nudelta
AykutSarac/jsoncrack.com
vizia/vizia
wangfreexx/wangfreexx-tianruoocr-cl-paddle
lencx/Noi
zed-industries/zed
wulkano/Kap
yuezk/GlobalProtect-openconnect
comfyanonymous/ComfyUI
schappim/macOCR
BewlyBewly/BewlyBewly
continew-org/continew-admin
imagej/ImageJ
six-ddc/plow
hatoo/oha
Kong/insomnia
helloqyg/MettShortOverseas
alacritty/alacritty
ocrmypdf/OCRmyPDF
Stirling-Tools/Stirling-PDF
charmbracelet/gum
francoismichel/ssh3
CaliCastle/cali.so
openpilot-hub/devpilot-intellij
Ji4n1ng/OpenInTerminal
fujiapple852/trippy
Xfennec/progress
cirruslabs/tart
apache/hertzbeat
zhayujie/chatgpt-on-wechat
sunnyyoung/WeChatTweak-macOS
louislam/dockge
lobehub/lobe-chat
autowarefoundation/autoware-build-gui
FreshRSS/FreshRSS
icloud-photos-downloader/icloud_photos_downloader
boredazfcuk/docker-icloudpd
lapce/floem
huacnlee/autocorrect
gnehs/subtitle-translator-electron
SuperManito/LinuxMirrors
mpv-player/mpv
gildas-lormeau/SingleFile
usebruno/bruno
cypress-io/cypress
jumpserver/jumpserver
lapce/lapce
neovide/neovide
godotengine/godot
ClementTsang/bottom
ytyht226/taskflow
seemoo-lab/opendrop
deviantony/docker-elk
CoatiSoftware/Sourcetrail
thebarbican19/BatteryBoi
JohnCoates/Aerial
mylxsw/aidea
LemmyNet/lemmy
KKKyrie/giftie
NXY666/Jsjiemi
nushell/nushell
enso-org/enso
bevyengine/bevy
dbeaver/dbeaver
tw93/Maple
HearthSim/Hearthstone-Deck-Tracker
yichengchen/ATV-Bilibili-demo
iced-rs/iced
tauri-apps/tauri
DioxusLabs/dioxus
zu1k/bs-core
NaiboWang/EasySpider
Shaunwei/RealChar
ai-shifu/ChatALL
CodePhiliaX/Chat2DB
terrakok/Compose-Multiplatform-Wizard
neovim/neovim
gotenberg/gotenberg
RedisInsight/RedisInsight
LeeeSe/MessAuto
josStorer/chatGPTBox
AnalogJ/scrutiny
lencx/nofwl
mac-cleanup/mac-cleanup-py
yann0917/dedao-dl
JetBrains/intellij-platform-plugin-template
BuilderIO/ai-shell
GyulyVGC/sniffnet
iina/iina
slint-ui/slint
202252197/ChatGPT_JCM
MochiDiffusion/MochiDiffusion
lencx/ChatGPT
chatboxai/chatbox
ChatGPTNextWeb/NextChat
abiosoft/colima
ixrjog/opscloud4
frangoteam/FUXA
tw93/MiaoYan
hoochanlon/Free-NTFS-for-Mac
ben1234560/k8s_PaaS
waylaidwanderer/node-chatgpt-api
MustangYM/WeChatExtension-ForMac
dromara/Jpom
runtipi/runtipi
NginxProxyManager/nginx-proxy-manager
louislam/uptime-kuma
tw93/Pake
fuergaosi233/wechat-chatgpt
qishibo/AnotherRedisDesktopManager
HTTP-RPC/Sierra
making/tsunagu
mastodon/mastodon
siyuan-note/siyuan
PavanMudigonda/jacoco-reporter
AmruthPillai/Reactive-Resume
ZhongFuCheng3y/austin
gristlabs/grist-core
servicex-sh/httpx
apple/GCGC
shuzijun/leetcode-editor
linux-china/tgm
Dawninest/jikeCalendar-macOS
infinyon/fluvio
zendesk/maxwell
SeekStorm/SeekStorm
debezium/debezium
datahub-project/datahub
lakesoul-io/LakeSoul
pola-rs/polars
rlink-rs/rlink-rs
ddf-project/DDF
QwenLM/Qwen-Agent
dora-rs/dora
simular-ai/Agent-S
mattzcarey/shippie
x1xhlol/system-prompts-and-models-of-ai-tools
nari-labs/dia
getzep/graphiti
kortix-ai/suna
RVC-Boss/GPT-SoVITS
google/A2A
PySpur-Dev/pyspur
The-Pocket/PocketFlow
trycua/cua
unclecode/crawl4ai
HKUSTDial/NL2SQL_Handbook
microsoft/playwright-mcp
joanrod/star-vector
infiniflow/ragflow
Mintplex-Labs/anything-llm
unslothai/unsloth
hiyouga/LLaMA-Factory
continuedev/continue
CopilotKit/CopilotKit
modelcontextprotocol/servers
FoundationAgents/OpenManus
labring/FastGPT
tensorzero/tensorzero
vanna-ai/vanna
huggingface/smolagents
microsoft/ai-agents-for-beginners
dzhng/deep-research
huggingface/agents-course
rasbt/LLMs-from-scratch
microsoft/OmniParser
deepseek-ai/DeepSeek-R1
langchain-ai/executive-ai-assistant
getomni-ai/zerox
dair-ai/Prompt-Engineering-Guide
Canner/WrenAI
browser-use/browser-use
coqui-ai/TTS
Doriandarko/claude-engineer
kherud/java-llama.cpp
mufeedvh/code2prompt
mendableai/firecrawl
Kedreamix/Linly-Dubbing
InternLM/MindSearch
neuml/txtai
meta-llama/llama-stack-apps
decodingml/llm-twin-course
exo-explore/exo
evilsocket/cake
anthropics/anthropic-cookbook
microsoft/graphrag
apple/ml-4m
QwenLM/Qwen3
2noise/ChatTTS
ragapp/ragapp
tjake/Jlama
huggingface/transformers.js
bosun-ai/swiftide
andrewyng/translation-agent
xenova/whisper-web
1Panel-dev/MaxKB
EricLBuehler/mistral.rs
LLM-Red-Team/kimi-free-api
Ikaros-521/AI-Vtuber
Significant-Gravitas/AutoGPT
Mozilla-Ocho/llamafile
agents-flex/agents-flex
Pythagora-io/gpt-pilot
stitionai/devika
ggml-org/llama.cpp
Abraxas-365/langchain-rust
Portkey-AI/gateway
xai-org/grok-1
deepseek-ai/DeepSeek-VL
NVIDIA/GenerativeAIExamples
mudler/LocalAI
langflow-ai/langflow
xusenlinzy/api-for-open-llm
songquanpeng/one-api
oobabooga/text-generation-webui
QwenLM/Qwen
chatchat-space/Langchain-Chatchat
yerfor/Real3DPortrait
netease-youdao/BCEmbedding
Hannibal046/Awesome-LLM
netease-youdao/QAnything
OpenBMB/MiniCPM
01-ai/Yi
linexjlin/GPTs
spring-projects/spring-ai
sigoden/aichat
SecureAI-Tools/SecureAI-Tools
JaidedAI/EasyOCR
instill-ai/instill-core
QuivrHQ/quivr
SillyTavern/SillyTavern
awesome-assistants/awesome-assistants
langgenius/dify
langchain-ai/opengpts
PromtEngineer/localGPT
microsoft/autogen
NVIDIA/NeMo
JushBJJ/Mr.-Ranedeer-AI-Tutor
lm-sys/FastChat
FoundationAgents/MetaGPT
nlpxucan/WizardLM
ThousandBirdsInc/chidori
meta-llama/llama
microsoft/semantic-kernel
FlowiseAI/Flowise
kyrolabs/awesome-langchain
AUTOMATIC1111/stable-diffusion-webui
josStorer/RWKV-Runner
datawhalechina/llm-cookbook
openai/openai-cookbook
f/awesome-chatgpt-prompts
kenjihiranabe/The-Art-of-Linear-Algebra
PKUFlyingPig/cs-self-learning
FFmpeg/asm-lessons
ferrous-systems/rust-exercises
xitu/gold-miner
rust-lang/reference
Visualize-ML/Linear-Algebra-Made-Easy---Learn-with-Python-and-Visualization
punkpeye/awesome-mcp-servers
lukasz-madon/awesome-remote-job
lukasz-madon/awesome-remote-job
llwslc/grammar-club
PatrickJS/awesome-cursorrules
pedropark99/zig-book
ddd-crew/ddd-starter-modelling-process
joebew42/study-path
ruanyf/weekly
mohitmishra786/amILearningEnough
ruanyf/document-style-guide
mzlogin/chinese-copywriting-guidelines
selfteaching/How-To-Ask-Questions-The-Smart-Way
CyC2018/CS-Notes
testingisdocumenting/znai
swiftlang/swift-book
ashishps1/awesome-leetcode-resources
sunface/rust-course
SwiftSIQI/the-swift-api-design-guidelines-in-chinese
soulmachine/machine-learning-cheat-sheet
MeouSker77/ProgrammingRust
hua1995116/indiehackers-steps
RichardLitt/standard-readme
tomomano/learn-aws-by-coding
it-ebooks-0/geektime-books
agmmnn/awesome-blender
SwiftSIQI/the-swift-api-design-guidelines-in-chinese
testingisdocumenting/znai
isno/theByteBook
microsoft/generative-ai-for-beginners
llZektorll/OB_Template
jobindjohn/obsidian-publish-mkdocs
alex/what-happens-when
KenneyNL/Adobe-Alternatives
zhuima/awesome-cloudflare
DataTalksClub/mlops-zoomcamp
oldratlee/translations
codecrafters-io/build-your-own-x
SAP/curated-resources-for-domain-driven-design
dair-ai/ML-YouTube-Courses
sindresorhus/awesome
OAI/OpenAPI-Specification
ByteByteGoHq/system-design-101
young1lin/notes
jupyter/jupyter
firstcontributions/first-contributions
hzpt-inet-club/english-note
BDBC-KG-NLP/QA-Survey-CN
easychen/stack-roadmap
hehonghui/awesome-english-ebooks
microsoft/Web-Dev-For-Beginners
krahets/hello-algo
leandromoreira/digital_video_introduction
aniftyco/awesome-tailwindcss
ddd-crew/bounded-context-canvas
EmbraceAGI/awesome-chatgpt-zh
dunwu/linux-tutorial
johnlui/PPHC
ddd-crew/welcome-to-ddd
eliaszon/Programmers-Overseas-Job-Interview-Handbook
1c7/chinese-independent-developer
Visualize-ML/Book3_Elements-of-Mathematics
tiimgreen/github-cheat-sheet
apachecn/mit-18.06-linalg-notes
mtdvio/every-programmer-should-know
spring2go/cs_study_plan
seanjgildea/CoreSpring5CertificationGuide
databendlabs/databend
dragonflydb/dragonfly
asyncer-io/r2dbc-mysql
lancedb/lancedb
neondatabase/neon
gluesql/gluesql
ClickHouse/ClickHouse
apache/doris
vitessio/vitess
qdrant/qdrant
milvus-io/milvus
KipData/KiteSQL
Rhythm-Byte/SchemaDiff
arana-db/arana
questdb/questdb
Rustixir/darkbird
vran-dev/databasir
scalecube/reactor-aeron
mermaid-js/mermaid
nocodb/nocodb
excalidraw/excalidraw
awslabs/agent-squad
imsyy/DailyHotApi
apache/wicket
simplex-chat/simplex-chat
logto-io/logto
HandsOnLLM/Hands-On-Large-Language-Models
unslothai/notebooks
transformerlab/transformerlab-app
AsyncFuncAI/deepwiki-open
Zippland/worth-calculator
woodruffw/zizmor
tisfeng/Easydict
